
Microsoft Visual Studio Solution File, Format Version 12.00
# Visual Studio Version 17
VisualStudioVersion = 17.3.32922.545
MinimumVisualStudioVersion = 10.0.40219.1
Project("{FAE04EC0-301F-11D3-BF4B-00C04F79EFBC}") = "ConsoleApp_BGr", "ConsoleApp_BGr\ConsoleApp_BGr.csproj", "{603915BF-7B29-4E00-98FB-B84FA0A86D90}"
EndProject
Global
	GlobalSection(SolutionConfigurationPlatforms) = preSolution
		Debug|Any CPU = Debug|Any CPU
		Release|Any CPU = Release|Any CPU
	EndGlobalSection
	GlobalSection(ProjectConfigurationPlatforms) = postSolution
		{603915BF-7B29-4E00-98FB-B84FA0A86D90}.Debug|Any CPU.ActiveCfg = Debug|Any CPU
		{603915BF-7B29-4E00-98FB-B84FA0A86D90}.Debug|Any CPU.Build.0 = Debug|Any CPU
		{603915BF-7B29-4E00-98FB-B84FA0A86D90}.Release|Any CPU.ActiveCfg = Release|Any CPU
		{603915BF-7B29-4E00-98FB-B84FA0A86D90}.Release|Any CPU.Build.0 = Release|Any CPU
	EndGlobalSection
	GlobalSection(SolutionProperties) = preSolution
		HideSolutionNode = FALSE
	EndGlobalSection
	GlobalSection(ExtensibilityGlobals) = postSolution
		SolutionGuid = {7C90F60B-A055-489C-B4C5-00CDD05D25FA}
	EndGlobalSection
EndGlobal
